
Microsoft Visual Studio Solution File, Format Version 12.00
# Visual Studio Version 16
VisualStudioVersion = 16.0.30309.148
MinimumVisualStudioVersion = 10.0.40219.1
Project("{FAE04EC0-301F-11D3-BF4B-00C04F79EFBC}") = "UI.Desktop", "UI.Desktop\UI.Desktop.csproj", "{D1B5A423-5E3C-4834-864D-672835FD304C}"
EndProject
Project("{FAE04EC0-301F-11D3-BF4B-00C04F79EFBC}") = "Business.Logic", "Business.Logic\Business.Logic.csproj", "{9967B713-79CC-4418-9F10-9BDF06AAE44C}"
EndProject
Project("{FAE04EC0-301F-11D3-BF4B-00C04F79EFBC}") = "Util", "Util\Util.csproj", "{F1B76F39-481C-495B-89E9-1BB48D1F81A1}"
EndProject
Project("{FAE04EC0-301F-11D3-BF4B-00C04F79EFBC}") = "Business.Entities", "Business.Entities\Business.Entities.csproj", "{121846E1-4A1D-4AC2-BC68-683767CCA025}"
EndProject
Project("{FAE04EC0-301F-11D3-BF4B-00C04F79EFBC}") = "UI.Web", "UI.Web\UI.Web.csproj", "{4E6461CF-57D6-4F70-A4BB-8BF2106A20B1}"
EndProject
Project("{FAE04EC0-301F-11D3-BF4B-00C04F79EFBC}") = "Data.Database", "Data.Database\Data.Database.csproj", "{18D1C50F-58E0-4D94-B05B-4A95A146E6BB}"
EndProject
Project("{FAE04EC0-301F-11D3-BF4B-00C04F79EFBC}") = "UI.Consola", "UI.Consola\UI.Consola.csproj", "{DCF17B3C-1104-436C-927A-EF5C3E7BDF62}"
EndProject
Global
	GlobalSection(SolutionConfigurationPlatforms) = preSolution
		Debug|Any CPU = Debug|Any CPU
		Release|Any CPU = Release|Any CPU
	EndGlobalSection
	GlobalSection(ProjectConfigurationPlatforms) = postSolution
		{D1B5A423-5E3C-4834-864D-672835FD304C}.Debug|Any CPU.ActiveCfg = Debug|Any CPU
		{D1B5A423-5E3C-4834-864D-672835FD304C}.Debug|Any CPU.Build.0 = Debug|Any CPU
		{D1B5A423-5E3C-4834-864D-672835FD304C}.Release|Any CPU.ActiveCfg = Release|Any CPU
		{D1B5A423-5E3C-4834-864D-672835FD304C}.Release|Any CPU.Build.0 = Release|Any CPU
		{9967B713-79CC-4418-9F10-9BDF06AAE44C}.Debug|Any CPU.ActiveCfg = Debug|Any CPU
		{9967B713-79CC-4418-9F10-9BDF06AAE44C}.Debug|Any CPU.Build.0 = Debug|Any CPU
		{9967B713-79CC-4418-9F10-9BDF06AAE44C}.Release|Any CPU.ActiveCfg = Release|Any CPU
		{9967B713-79CC-4418-9F10-9BDF06AAE44C}.Release|Any CPU.Build.0 = Release|Any CPU
		{F1B76F39-481C-495B-89E9-1BB48D1F81A1}.Debug|Any CPU.ActiveCfg = Debug|Any CPU
		{F1B76F39-481C-495B-89E9-1BB48D1F81A1}.Debug|Any CPU.Build.0 = Debug|Any CPU
		{F1B76F39-481C-495B-89E9-1BB48D1F81A1}.Release|Any CPU.ActiveCfg = Release|Any CPU
		{F1B76F39-481C-495B-89E9-1BB48D1F81A1}.Release|Any CPU.Build.0 = Release|Any CPU
		{121846E1-4A1D-4AC2-BC68-683767CCA025}.Debug|Any CPU.ActiveCfg = Debug|Any CPU
		{121846E1-4A1D-4AC2-BC68-683767CCA025}.Debug|Any CPU.Build.0 = Debug|Any CPU
		{121846E1-4A1D-4AC2-BC68-683767CCA025}.Release|Any CPU.ActiveCfg = Release|Any CPU
		{121846E1-4A1D-4AC2-BC68-683767CCA025}.Release|Any CPU.Build.0 = Release|Any CPU
		{4E6461CF-57D6-4F70-A4BB-8BF2106A20B1}.Debug|Any CPU.ActiveCfg = Debug|Any CPU
		{4E6461CF-57D6-4F70-A4BB-8BF2106A20B1}.Debug|Any CPU.Build.0 = Debug|Any CPU
		{4E6461CF-57D6-4F70-A4BB-8BF2106A20B1}.Release|Any CPU.ActiveCfg = Release|Any CPU
		{4E6461CF-57D6-4F70-A4BB-8BF2106A20B1}.Release|Any CPU.Build.0 = Release|Any CPU
		{18D1C50F-58E0-4D94-B05B-4A95A146E6BB}.Debug|Any CPU.ActiveCfg = Debug|Any CPU
		{18D1C50F-58E0-4D94-B05B-4A95A146E6BB}.Debug|Any CPU.Build.0 = Debug|Any CPU
		{18D1C50F-58E0-4D94-B05B-4A95A146E6BB}.Release|Any CPU.ActiveCfg = Release|Any CPU
		{18D1C50F-58E0-4D94-B05B-4A95A146E6BB}.Release|Any CPU.Build.0 = Release|Any CPU
		{DCF17B3C-1104-436C-927A-EF5C3E7BDF62}.Debug|Any CPU.ActiveCfg = Debug|Any CPU
		{DCF17B3C-1104-436C-927A-EF5C3E7BDF62}.Debug|Any CPU.Build.0 = Debug|Any CPU
		{DCF17B3C-1104-436C-927A-EF5C3E7BDF62}.Release|Any CPU.ActiveCfg = Release|Any CPU
		{DCF17B3C-1104-436C-927A-EF5C3E7BDF62}.Release|Any CPU.Build.0 = Release|Any CPU
	EndGlobalSection
	GlobalSection(SolutionProperties) = preSolution
		HideSolutionNode = FALSE
	EndGlobalSection
	GlobalSection(ExtensibilityGlobals) = postSolution
		SolutionGuid = {DA4036A4-5B75-4AFB-AC55-ED54A015DF66}
	EndGlobalSection
EndGlobal
